# @generated by Move, please check-in and do not edit manually.

[move]
version = 3
manifest_digest = "5C3C7D93F3AED0E984DE1BEC0C82DB3B45D4CEE3A8ED560B36AD3F0359A157FD"
deps_digest = "F8BBB0CCB2491CA29A3DF03D6F92277A4F3574266507ACD77214D37ECA3F3082"
dependencies = [
  { id = "Sui", name = "Sui" },
]

[[move.package]]
id = "MoveStdlib"
source = { git = "https://github.com/MystenLabs/sui.git", rev = "framework/mainnet", subdir = "crates/sui-framework/packages/move-stdlib" }

[[move.package]]
id = "Sui"
source = { git = "https://github.com/MystenLabs/sui.git", rev = "framework/mainnet", subdir = "crates/sui-framework/packages/sui-framework" }

dependencies = [
  { id = "MoveStdlib", name = "MoveStdlib" },
]

[move.toolchain-version]
compiler-version = "1.56.1"
edition = "2024.beta"
flavor = "sui"

[env]

[env.devnet]
chain-id = "e052dec1"
original-published-id = "0x975eae11940cb62f82a2be732b6a644c6b449d3aad5226c8a675f0d85b15d6cf"
latest-published-id = "0x4ac02a63493671be5b3651c2e136cea98706502665e9933d76dc5a029040496d"
published-version = "2"

[env.testnet]
chain-id = "4c78adac"
original-published-id = "0xaf3c1d61b343870a8d3ab2f5d7d2e89a4b4bbbdf938c5397ea7de481ada9e832"
latest-published-id = "0xaf3c1d61b343870a8d3ab2f5d7d2e89a4b4bbbdf938c5397ea7de481ada9e832"
published-version = "1"
